// !$*UTF8*$!
{
	archiveVersion = 1;
	classes = {
	};
	objectVersion = 55;
	objects = {

/* Begin PBXBuildFile section */
		101531B227A54B61001ED971 /* Router.swift in Sources */ = {isa = PBXBuildFile; fileRef = 101531B127A54B61001ED971 /* Router.swift */; };
		10E5222A27A2C3E600DACC4A /* AppDelegate.swift in Sources */ = {isa = PBXBuildFile; fileRef = 10E5222927A2C3E600DACC4A /* AppDelegate.swift */; };
		10E5222C27A2C3E600DACC4A /* SceneDelegate.swift in Sources */ = {isa = PBXBuildFile; fileRef = 10E5222B27A2C3E600DACC4A /* SceneDelegate.swift */; };
		10E5222E27A2C3E600DACC4A /* MainViewController.swift in Sources */ = {isa = PBXBuildFile; fileRef = 10E5222D27A2C3E600DACC4A /* MainViewController.swift */; };
		10E5223127A2C3E600DACC4A /* Main.storyboard in Resources */ = {isa = PBXBuildFile; fileRef = 10E5222F27A2C3E600DACC4A /* Main.storyboard */; };
		10E5223327A2C3E700DACC4A /* Assets.xcassets in Resources */ = {isa = PBXBuildFile; fileRef = 10E5223227A2C3E700DACC4A /* Assets.xcassets */; };
		10E5223627A2C3E700DACC4A /* LaunchScreen.storyboard in Resources */ = {isa = PBXBuildFile; fileRef = 10E5223427A2C3E700DACC4A /* LaunchScreen.storyboard */; };
		10E5225A27A2C42400DACC4A /* Comment.swift in Sources */ = {isa = PBXBuildFile; fileRef = 10E5225927A2C42400DACC4A /* Comment.swift */; };
		10E5225C27A2C45500DACC4A /* MainPresenter.swift in Sources */ = {isa = PBXBuildFile; fileRef = 10E5225B27A2C45500DACC4A /* MainPresenter.swift */; };
		10E5226227A2C82C00DACC4A /* MainView.xib in Resources */ = {isa = PBXBuildFile; fileRef = 10E5226127A2C82C00DACC4A /* MainView.xib */; };
		10E5226427A2C97A00DACC4A /* AssemblyModuleBuilder.swift in Sources */ = {isa = PBXBuildFile; fileRef = 10E5226327A2C97A00DACC4A /* AssemblyModuleBuilder.swift */; };
		10E5226727A2CD8C00DACC4A /* MainPresenterTest.swift in Sources */ = {isa = PBXBuildFile; fileRef = 10E5226627A2CD8C00DACC4A /* MainPresenterTest.swift */; };
		10E5226A27A3DDE400DACC4A /* NetworkService.swift in Sources */ = {isa = PBXBuildFile; fileRef = 10E5226927A3DDE400DACC4A /* NetworkService.swift */; };
		10E5226E27A3E65100DACC4A /* DetailPresenter.swift in Sources */ = {isa = PBXBuildFile; fileRef = 10E5226D27A3E65100DACC4A /* DetailPresenter.swift */; };
		10E5227727A3EF1900DACC4A /* DetailViewController.swift in Sources */ = {isa = PBXBuildFile; fileRef = 10E5227527A3EF1900DACC4A /* DetailViewController.swift */; };
		10E5227827A3EF1900DACC4A /* DetailViewController.xib in Resources */ = {isa = PBXBuildFile; fileRef = 10E5227627A3EF1900DACC4A /* DetailViewController.xib */; };
/* End PBXBuildFile section */

/* Begin PBXContainerItemProxy section */
		10E5223D27A2C3E700DACC4A /* PBXContainerItemProxy */ = {
			isa = PBXContainerItemProxy;
			containerPortal = 10E5221E27A2C3E600DACC4A /* Project object */;
			proxyType = 1;
			remoteGlobalIDString = 10E5222527A2C3E600DACC4A;
			remoteInfo = MVP;
		};
/* End PBXContainerItemProxy section */

/* Begin PBXFileReference section */
		101531B127A54B61001ED971 /* Router.swift */ = {isa = PBXFileReference; lastKnownFileType = sourcecode.swift; path = Router.swift; sourceTree = "<group>"; };
		10E5222627A2C3E600DACC4A /* MVP.app */ = {isa = PBXFileReference; explicitFileType = wrapper.application; includeInIndex = 0; path = MVP.app; sourceTree = BUILT_PRODUCTS_DIR; };
		10E5222927A2C3E600DACC4A /* AppDelegate.swift */ = {isa = PBXFileReference; lastKnownFileType = sourcecode.swift; path = AppDelegate.swift; sourceTree = "<group>"; };
		10E5222B27A2C3E600DACC4A /* SceneDelegate.swift */ = {isa = PBXFileReference; lastKnownFileType = sourcecode.swift; path = SceneDelegate.swift; sourceTree = "<group>"; };
		10E5222D27A2C3E600DACC4A /* MainViewController.swift */ = {isa = PBXFileReference; lastKnownFileType = sourcecode.swift; path = MainViewController.swift; sourceTree = "<group>"; };
		10E5223027A2C3E600DACC4A /* Base */ = {isa = PBXFileReference; lastKnownFileType = file.storyboard; name = Base; path = Base.lproj/Main.storyboard; sourceTree = "<group>"; };
		10E5223227A2C3E700DACC4A /* Assets.xcassets */ = {isa = PBXFileReference; lastKnownFileType = folder.assetcatalog; path = Assets.xcassets; sourceTree = "<group>"; };
		10E5223527A2C3E700DACC4A /* Base */ = {isa = PBXFileReference; lastKnownFileType = file.storyboard; name = Base; path = Base.lproj/LaunchScreen.storyboard; sourceTree = "<group>"; };
		10E5223727A2C3E700DACC4A /* Info.plist */ = {isa = PBXFileReference; lastKnownFileType = text.plist.xml; path = Info.plist; sourceTree = "<group>"; };
		10E5223C27A2C3E700DACC4A /* MVPTests.xctest */ = {isa = PBXFileReference; explicitFileType = wrapper.cfbundle; includeInIndex = 0; path = MVPTests.xctest; sourceTree = BUILT_PRODUCTS_DIR; };
		10E5225927A2C42400DACC4A /* Comment.swift */ = {isa = PBXFileReference; lastKnownFileType = sourcecode.swift; path = Comment.swift; sourceTree = "<group>"; };
		10E5225B27A2C45500DACC4A /* MainPresenter.swift */ = {isa = PBXFileReference; lastKnownFileType = sourcecode.swift; path = MainPresenter.swift; sourceTree = "<group>"; };
		10E5226127A2C82C00DACC4A /* MainView.xib */ = {isa = PBXFileReference; lastKnownFileType = file.xib; path = MainView.xib; sourceTree = "<group>"; };
		10E5226327A2C97A00DACC4A /* AssemblyModuleBuilder.swift */ = {isa = PBXFileReference; lastKnownFileType = sourcecode.swift; path = AssemblyModuleBuilder.swift; sourceTree = "<group>"; };
		10E5226627A2CD8C00DACC4A /* MainPresenterTest.swift */ = {isa = PBXFileReference; lastKnownFileType = sourcecode.swift; path = MainPresenterTest.swift; sourceTree = "<group>"; };
		10E5226927A3DDE400DACC4A /* NetworkService.swift */ = {isa = PBXFileReference; lastKnownFileType = sourcecode.swift; path = NetworkService.swift; sourceTree = "<group>"; };
		10E5226D27A3E65100DACC4A /* DetailPresenter.swift */ = {isa = PBXFileReference; lastKnownFileType = sourcecode.swift; path = DetailPresenter.swift; sourceTree = "<group>"; };
		10E5227527A3EF1900DACC4A /* DetailViewController.swift */ = {isa = PBXFileReference; lastKnownFileType = sourcecode.swift; path = DetailViewController.swift; sourceTree = "<group>"; };
		10E5227627A3EF1900DACC4A /* DetailViewController.xib */ = {isa = PBXFileReference; lastKnownFileType = file.xib; path = DetailViewController.xib; sourceTree = "<group>"; };
/* End PBXFileReference section */

/* Begin PBXFrameworksBuildPhase section */
		10E5222327A2C3E600DACC4A /* Frameworks */ = {
			isa = PBXFrameworksBuildPhase;
			buildActionMask = 2147483647;
			files = (
			);
			runOnlyForDeploymentPostprocessing = 0;
		};
		10E5223927A2C3E700DACC4A /* Frameworks */ = {
			isa = PBXFrameworksBuildPhase;
			buildActionMask = 2147483647;
			files = (
			);
			runOnlyForDeploymentPostprocessing = 0;
		};
/* End PBXFrameworksBuildPhase section */

/* Begin PBXGroup section */
		10E5221D27A2C3E600DACC4A = {
			isa = PBXGroup;
			children = (
				10E5222827A2C3E600DACC4A /* MVP */,
				10E5223F27A2C3E700DACC4A /* MVPTests */,
				10E5222727A2C3E600DACC4A /* Products */,
			);
			sourceTree = "<group>";
		};
		10E5222727A2C3E600DACC4A /* Products */ = {
			isa = PBXGroup;
			children = (
				10E5222627A2C3E600DACC4A /* MVP.app */,
				10E5223C27A2C3E700DACC4A /* MVPTests.xctest */,
			);
			name = Products;
			sourceTree = "<group>";
		};
		10E5222827A2C3E600DACC4A /* MVP */ = {
			isa = PBXGroup;
			children = (
				10E5222927A2C3E600DACC4A /* AppDelegate.swift */,
				10E5222B27A2C3E600DACC4A /* SceneDelegate.swift */,
				10E5226327A2C97A00DACC4A /* AssemblyModuleBuilder.swift */,
				101531B127A54B61001ED971 /* Router.swift */,
				10E5226B27A3DE1200DACC4A /* Services */,
				10E5225D27A2C7DA00DACC4A /* MainModule */,
				10E5226C27A3E63400DACC4A /* DetailModule */,
				10E5226827A2D28100DACC4A /* Files */,
			);
			path = MVP;
			sourceTree = "<group>";
		};
		10E5223F27A2C3E700DACC4A /* MVPTests */ = {
			isa = PBXGroup;
			children = (
				10E5226527A2CD0800DACC4A /* TestMainModule */,
			);
			path = MVPTests;
			sourceTree = "<group>";
		};
		10E5225D27A2C7DA00DACC4A /* MainModule */ = {
			isa = PBXGroup;
			children = (
				10E5225E27A2C7E700DACC4A /* Model */,
				10E5225F27A2C7EC00DACC4A /* View */,
				10E5226027A2C7F100DACC4A /* Presenter */,
			);
			path = MainModule;
			sourceTree = "<group>";
		};
		10E5225E27A2C7E700DACC4A /* Model */ = {
			isa = PBXGroup;
			children = (
				10E5225927A2C42400DACC4A /* Comment.swift */,
			);
			path = Model;
			sourceTree = "<group>";
		};
		10E5225F27A2C7EC00DACC4A /* View */ = {
			isa = PBXGroup;
			children = (
				10E5222D27A2C3E600DACC4A /* MainViewController.swift */,
				10E5226127A2C82C00DACC4A /* MainView.xib */,
			);
			path = View;
			sourceTree = "<group>";
		};
		10E5226027A2C7F100DACC4A /* Presenter */ = {
			isa = PBXGroup;
			children = (
				10E5225B27A2C45500DACC4A /* MainPresenter.swift */,
			);
			path = Presenter;
			sourceTree = "<group>";
		};
		10E5226527A2CD0800DACC4A /* TestMainModule */ = {
			isa = PBXGroup;
			children = (
				10E5226627A2CD8C00DACC4A /* MainPresenterTest.swift */,
			);
			path = TestMainModule;
			sourceTree = "<group>";
		};
		10E5226827A2D28100DACC4A /* Files */ = {
			isa = PBXGroup;
			children = (
				10E5222F27A2C3E600DACC4A /* Main.storyboard */,
				10E5223227A2C3E700DACC4A /* Assets.xcassets */,
				10E5223427A2C3E700DACC4A /* LaunchScreen.storyboard */,
				10E5223727A2C3E700DACC4A /* Info.plist */,
			);
			path = Files;
			sourceTree = "<group>";
		};
		10E5226B27A3DE1200DACC4A /* Services */ = {
			isa = PBXGroup;
			children = (
				10E5226927A3DDE400DACC4A /* NetworkService.swift */,
			);
			path = Services;
			sourceTree = "<group>";
		};
		10E5226C27A3E63400DACC4A /* DetailModule */ = {
			isa = PBXGroup;
			children = (
				10E5227027A3E7D000DACC4A /* View */,
				10E5226F27A3E7C500DACC4A /* Presenter */,
			);
			path = DetailModule;
			sourceTree = "<group>";
		};
		10E5226F27A3E7C500DACC4A /* Presenter */ = {
			isa = PBXGroup;
			children = (
				10E5226D27A3E65100DACC4A /* DetailPresenter.swift */,
			);
			path = Presenter;
			sourceTree = "<group>";
		};
		10E5227027A3E7D000DACC4A /* View */ = {
			isa = PBXGroup;
			children = (
				10E5227527A3EF1900DACC4A /* DetailViewController.swift */,
				10E5227627A3EF1900DACC4A /* DetailViewController.xib */,
			);
			path = View;
			sourceTree = "<group>";
		};
/* End PBXGroup section */

/* Begin PBXNativeTarget section */
		10E5222527A2C3E600DACC4A /* MVP */ = {
			isa = PBXNativeTarget;
			buildConfigurationList = 10E5225027A2C3E700DACC4A /* Build configuration list for PBXNativeTarget "MVP" */;
			buildPhases = (
				10E5222227A2C3E600DACC4A /* Sources */,
				10E5222327A2C3E600DACC4A /* Frameworks */,
				10E5222427A2C3E600DACC4A /* Resources */,
			);
			buildRules = (
			);
			dependencies = (
			);
			name = MVP;
			productName = MVP;
			productReference = 10E5222627A2C3E600DACC4A /* MVP.app */;
			productType = "com.apple.product-type.application";
		};
		10E5223B27A2C3E700DACC4A /* MVPTests */ = {
			isa = PBXNativeTarget;
			buildConfigurationList = 10E5225327A2C3E700DACC4A /* Build configuration list for PBXNativeTarget "MVPTests" */;
			buildPhases = (
				10E5223827A2C3E700DACC4A /* Sources */,
				10E5223927A2C3E700DACC4A /* Frameworks */,
				10E5223A27A2C3E700DACC4A /* Resources */,
			);
			buildRules = (
			);
			dependencies = (
				10E5223E27A2C3E700DACC4A /* PBXTargetDependency */,
			);
			name = MVPTests;
			productName = MVPTests;
			productReference = 10E5223C27A2C3E700DACC4A /* MVPTests.xctest */;
			productType = "com.apple.product-type.bundle.unit-test";
		};
/* End PBXNativeTarget section */

/* Begin PBXProject section */
		10E5221E27A2C3E600DACC4A /* Project object */ = {
			isa = PBXProject;
			attributes = {
				BuildIndependentTargetsInParallel = 1;
				LastSwiftUpdateCheck = 1320;
				LastUpgradeCheck = 1320;
				TargetAttributes = {
					10E5222527A2C3E600DACC4A = {
						CreatedOnToolsVersion = 13.2;
					};
					10E5223B27A2C3E700DACC4A = {
						CreatedOnToolsVersion = 13.2;
						TestTargetID = 10E5222527A2C3E600DACC4A;
					};
				};
			};
			buildConfigurationList = 10E5222127A2C3E600DACC4A /* Build configuration list for PBXProject "MVP" */;
			compatibilityVersion = "Xcode 13.0";
			developmentRegion = en;
			hasScannedForEncodings = 0;
			knownRegions = (
				en,
				Base,
			);
			mainGroup = 10E5221D27A2C3E600DACC4A;
			productRefGroup = 10E5222727A2C3E600DACC4A /* Products */;
			projectDirPath = "";
			projectRoot = "";
			targets = (
				10E5222527A2C3E600DACC4A /* MVP */,
				10E5223B27A2C3E700DACC4A /* MVPTests */,
			);
		};
/* End PBXProject section */

/* Begin PBXResourcesBuildPhase section */
		10E5222427A2C3E600DACC4A /* Resources */ = {
			isa = PBXResourcesBuildPhase;
			buildActionMask = 2147483647;
			files = (
				10E5223627A2C3E700DACC4A /* LaunchScreen.storyboard in Resources */,
				10E5226227A2C82C00DACC4A /* MainView.xib in Resources */,
				10E5227827A3EF1900DACC4A /* DetailViewController.xib in Resources */,
				10E5223327A2C3E700DACC4A /* Assets.xcassets in Resources */,
				10E5223127A2C3E600DACC4A /* Main.storyboard in Resources */,
			);
			runOnlyForDeploymentPostprocessing = 0;
		};
		10E5223A27A2C3E700DACC4A /* Resources */ = {
			isa = PBXResourcesBuildPhase;
			buildActionMask = 2147483647;
			files = (
			);
			runOnlyForDeploymentPostprocessing = 0;
		};
/* End PBXResourcesBuildPhase section */

/* Begin PBXSourcesBuildPhase section */
		10E5222227A2C3E600DACC4A /* Sources */ = {
			isa = PBXSourcesBuildPhase;
			buildActionMask = 2147483647;
			files = (
				10E5227727A3EF1900DACC4A /* DetailViewController.swift in Sources */,
				10E5222E27A2C3E600DACC4A /* MainViewController.swift in Sources */,
				101531B227A54B61001ED971 /* Router.swift in Sources */,
				10E5222A27A2C3E600DACC4A /* AppDelegate.swift in Sources */,
				10E5225A27A2C42400DACC4A /* Comment.swift in Sources */,
				10E5226E27A3E65100DACC4A /* DetailPresenter.swift in Sources */,
				10E5222C27A2C3E600DACC4A /* SceneDelegate.swift in Sources */,
				10E5225C27A2C45500DACC4A /* MainPresenter.swift in Sources */,
				10E5226427A2C97A00DACC4A /* AssemblyModuleBuilder.swift in Sources */,
				10E5226A27A3DDE400DACC4A /* NetworkService.swift in Sources */,
			);
			runOnlyForDeploymentPostprocessing = 0;
		};
		10E5223827A2C3E700DACC4A /* Sources */ = {
			isa = PBXSourcesBuildPhase;
			buildActionMask = 2147483647;
			files = (
				10E5226727A2CD8C00DACC4A /* MainPresenterTest.swift in Sources */,
			);
			runOnlyForDeploymentPostprocessing = 0;
		};
/* End PBXSourcesBuildPhase section */

/* Begin PBXTargetDependency section */
		10E5223E27A2C3E700DACC4A /* PBXTargetDependency */ = {
			isa = PBXTargetDependency;
			target = 10E5222527A2C3E600DACC4A /* MVP */;
			targetProxy = 10E5223D27A2C3E700DACC4A /* PBXContainerItemProxy */;
		};
/* End PBXTargetDependency section */

/* Begin PBXVariantGroup section */
		10E5222F27A2C3E600DACC4A /* Main.storyboard */ = {
			isa = PBXVariantGroup;
			children = (
				10E5223027A2C3E600DACC4A /* Base */,
			);
			name = Main.storyboard;
			sourceTree = "<group>";
		};
		10E5223427A2C3E700DACC4A /* LaunchScreen.storyboard */ = {
			isa = PBXVariantGroup;
			children = (
				10E5223527A2C3E700DACC4A /* Base */,
			);
			name = LaunchScreen.storyboard;
			sourceTree = "<group>";
		};
/* End PBXVariantGroup section */

/* Begin XCBuildConfiguration section */
		10E5224E27A2C3E700DACC4A /* Debug */ = {
			isa = XCBuildConfiguration;
			buildSettings = {
				ALWAYS_SEARCH_USER_PATHS = NO;
				CLANG_ANALYZER_NONNULL = YES;
				CLANG_ANALYZER_NUMBER_OBJECT_CONVERSION = YES_AGGRESSIVE;
				CLANG_CXX_LANGUAGE_STANDARD = "gnu++17";
				CLANG_CXX_LIBRARY = "libc++";
				CLANG_ENABLE_MODULES = YES;
				CLANG_ENABLE_OBJC_ARC = YES;
				CLANG_ENABLE_OBJC_WEAK = YES;
				CLANG_WARN_BLOCK_CAPTURE_AUTORELEASING = YES;
				CLANG_WARN_BOOL_CONVERSION = YES;
				CLANG_WARN_COMMA = YES;
				CLANG_WARN_CONSTANT_CONVERSION = YES;
				CLANG_WARN_DEPRECATED_OBJC_IMPLEMENTATIONS = YES;
				CLANG_WARN_DIRECT_OBJC_ISA_USAGE = YES_ERROR;
				CLANG_WARN_DOCUMENTATION_COMMENTS = YES;
				CLANG_WARN_EMPTY_BODY = YES;
				CLANG_WARN_ENUM_CONVERSION = YES;
				CLANG_WARN_INFINITE_RECURSION = YES;
				CLANG_WARN_INT_CONVERSION = YES;
				CLANG_WARN_NON_LITERAL_NULL_CONVERSION = YES;
				CLANG_WARN_OBJC_IMPLICIT_RETAIN_SELF = YES;
				CLANG_WARN_OBJC_LITERAL_CONVERSION = YES;
				CLANG_WARN_OBJC_ROOT_CLASS = YES_ERROR;
				CLANG_WARN_QUOTED_INCLUDE_IN_FRAMEWORK_HEADER = YES;
				CLANG_WARN_RANGE_LOOP_ANALYSIS = YES;
				CLANG_WARN_STRICT_PROTOTYPES = YES;
				CLANG_WARN_SUSPICIOUS_MOVE = YES;
				CLANG_WARN_UNGUARDED_AVAILABILITY = YES_AGGRESSIVE;
				CLANG_WARN_UNREACHABLE_CODE = YES;
				CLANG_WARN__DUPLICATE_METHOD_MATCH = YES;
				COPY_PHASE_STRIP = NO;
				DEBUG_INFORMATION_FORMAT = dwarf;
				ENABLE_STRICT_OBJC_MSGSEND = YES;
				ENABLE_TESTABILITY = YES;
				GCC_C_LANGUAGE_STANDARD = gnu11;
				GCC_DYNAMIC_NO_PIC = NO;
				GCC_NO_COMMON_BLOCKS = YES;
				GCC_OPTIMIZATION_LEVEL = 0;
				GCC_PREPROCESSOR_DEFINITIONS = (
					"DEBUG=1",
					"$(inherited)",
				);
				GCC_WARN_64_TO_32_BIT_CONVERSION = YES;
				GCC_WARN_ABOUT_RETURN_TYPE = YES_ERROR;
				GCC_WARN_UNDECLARED_SELECTOR = YES;
				GCC_WARN_UNINITIALIZED_AUTOS = YES_AGGRESSIVE;
				GCC_WARN_UNUSED_FUNCTION = YES;
				GCC_WARN_UNUSED_VARIABLE = YES;
				IPHONEOS_DEPLOYMENT_TARGET = 15.2;
				MTL_ENABLE_DEBUG_INFO = INCLUDE_SOURCE;
				MTL_FAST_MATH = YES;
				ONLY_ACTIVE_ARCH = YES;
				SDKROOT = iphoneos;
				SWIFT_ACTIVE_COMPILATION_CONDITIONS = DEBUG;
				SWIFT_OPTIMIZATION_LEVEL = "-Onone";
			};
			name = Debug;
		};
		10E5224F27A2C3E700DACC4A /* Release */ = {
			isa = XCBuildConfiguration;
			buildSettings = {
				ALWAYS_SEARCH_USER_PATHS = NO;
				CLANG_ANALYZER_NONNULL = YES;
				CLANG_ANALYZER_NUMBER_OBJECT_CONVERSION = YES_AGGRESSIVE;
				CLANG_CXX_LANGUAGE_STANDARD = "gnu++17";
				CLANG_CXX_LIBRARY = "libc++";
				CLANG_ENABLE_MODULES = YES;
				CLANG_ENABLE_OBJC_ARC = YES;
				CLANG_ENABLE_OBJC_WEAK = YES;
				CLANG_WARN_BLOCK_CAPTURE_AUTORELEASING = YES;
				CLANG_WARN_BOOL_CONVERSION = YES;
				CLANG_WARN_COMMA = YES;
				CLANG_WARN_CONSTANT_CONVERSION = YES;
				CLANG_WARN_DEPRECATED_OBJC_IMPLEMENTATIONS = YES;
				CLANG_WARN_DIRECT_OBJC_ISA_USAGE = YES_ERROR;
				CLANG_WARN_DOCUMENTATION_COMMENTS = YES;
				CLANG_WARN_EMPTY_BODY = YES;
				CLANG_WARN_ENUM_CONVERSION = YES;
				CLANG_WARN_INFINITE_RECURSION = YES;
				CLANG_WARN_INT_CONVERSION = YES;
				CLANG_WARN_NON_LITERAL_NULL_CONVERSION = YES;
				CLANG_WARN_OBJC_IMPLICIT_RETAIN_SELF = YES;
				CLANG_WARN_OBJC_LITERAL_CONVERSION = YES;
				CLANG_WARN_OBJC_ROOT_CLASS = YES_ERROR;
				CLANG_WARN_QUOTED_INCLUDE_IN_FRAMEWORK_HEADER = YES;
				CLANG_WARN_RANGE_LOOP_ANALYSIS = YES;
				CLANG_WARN_STRICT_PROTOTYPES = YES;
				CLANG_WARN_SUSPICIOUS_MOVE = YES;
				CLANG_WARN_UNGUARDED_AVAILABILITY = YES_AGGRESSIVE;
				CLANG_WARN_UNREACHABLE_CODE = YES;
				CLANG_WARN__DUPLICATE_METHOD_MATCH = YES;
				COPY_PHASE_STRIP = NO;
				DEBUG_INFORMATION_FORMAT = "dwarf-with-dsym";
				ENABLE_NS_ASSERTIONS = NO;
				ENABLE_STRICT_OBJC_MSGSEND = YES;
				GCC_C_LANGUAGE_STANDARD = gnu11;
				GCC_NO_COMMON_BLOCKS = YES;
				GCC_WARN_64_TO_32_BIT_CONVERSION = YES;
				GCC_WARN_ABOUT_RETURN_TYPE = YES_ERROR;
				GCC_WARN_UNDECLARED_SELECTOR = YES;
				GCC_WARN_UNINITIALIZED_AUTOS = YES_AGGRESSIVE;
				GCC_WARN_UNUSED_FUNCTION = YES;
				GCC_WARN_UNUSED_VARIABLE = YES;
				IPHONEOS_DEPLOYMENT_TARGET = 15.2;
				MTL_ENABLE_DEBUG_INFO = NO;
				MTL_FAST_MATH = YES;
				SDKROOT = iphoneos;
				SWIFT_COMPILATION_MODE = wholemodule;
				SWIFT_OPTIMIZATION_LEVEL = "-O";
				VALIDATE_PRODUCT = YES;
			};
			name = Release;
		};
		10E5225127A2C3E700DACC4A /* Debug */ = {
			isa = XCBuildConfiguration;
			buildSettings = {
				ASSETCATALOG_COMPILER_APPICON_NAME = AppIcon;
				ASSETCATALOG_COMPILER_GLOBAL_ACCENT_COLOR_NAME = AccentColor;
				CODE_SIGN_STYLE = Automatic;
				CURRENT_PROJECT_VERSION = 1;
				GENERATE_INFOPLIST_FILE = YES;
				INFOPLIST_FILE = MVP/Files/Info.plist;
				INFOPLIST_KEY_UIApplicationSupportsIndirectInputEvents = YES;
				INFOPLIST_KEY_UILaunchStoryboardName = LaunchScreen;
				INFOPLIST_KEY_UIMainStoryboardFile = Main;
				INFOPLIST_KEY_UISupportedInterfaceOrientations_iPad = "UIInterfaceOrientationPortrait UIInterfaceOrientationPortraitUpsideDown UIInterfaceOrientationLandscapeLeft UIInterfaceOrientationLandscapeRight";
				INFOPLIST_KEY_UISupportedInterfaceOrientations_iPhone = "UIInterfaceOrientationPortrait UIInterfaceOrientationLandscapeLeft UIInterfaceOrientationLandscapeRight";
				LD_RUNPATH_SEARCH_PATHS = (
					"$(inherited)",
					"@executable_path/Frameworks",
				);
				MARKETING_VERSION = 1.0;
				PRODUCT_BUNDLE_IDENTIFIER = com.myapps.MVP;
				PRODUCT_NAME = "$(TARGET_NAME)";
				SWIFT_EMIT_LOC_STRINGS = YES;
				SWIFT_VERSION = 5.0;
				TARGETED_DEVICE_FAMILY = "1,2";
			};
			name = Debug;
		};
		10E5225227A2C3E700DACC4A /* Release */ = {
			isa = XCBuildConfiguration;
			buildSettings = {
				ASSETCATALOG_COMPILER_APPICON_NAME = AppIcon;
				ASSETCATALOG_COMPILER_GLOBAL_ACCENT_COLOR_NAME = AccentColor;
				CODE_SIGN_STYLE = Automatic;
				CURRENT_PROJECT_VERSION = 1;
				GENERATE_INFOPLIST_FILE = YES;
				INFOPLIST_FILE = MVP/Files/Info.plist;
				INFOPLIST_KEY_UIApplicationSupportsIndirectInputEvents = YES;
				INFOPLIST_KEY_UILaunchStoryboardName = LaunchScreen;
				INFOPLIST_KEY_UIMainStoryboardFile = Main;
				INFOPLIST_KEY_UISupportedInterfaceOrientations_iPad = "UIInterfaceOrientationPortrait UIInterfaceOrientationPortraitUpsideDown UIInterfaceOrientationLandscapeLeft UIInterfaceOrientationLandscapeRight";
				INFOPLIST_KEY_UISupportedInterfaceOrientations_iPhone = "UIInterfaceOrientationPortrait UIInterfaceOrientationLandscapeLeft UIInterfaceOrientationLandscapeRight";
				LD_RUNPATH_SEARCH_PATHS = (
					"$(inherited)",
					"@executable_path/Frameworks",
				);
				MARKETING_VERSION = 1.0;
				PRODUCT_BUNDLE_IDENTIFIER = com.myapps.MVP;
				PRODUCT_NAME = "$(TARGET_NAME)";
				SWIFT_EMIT_LOC_STRINGS = YES;
				SWIFT_VERSION = 5.0;
				TARGETED_DEVICE_FAMILY = "1,2";
			};
			name = Release;
		};
		10E5225427A2C3E700DACC4A /* Debug */ = {
			isa = XCBuildConfiguration;
			buildSettings = {
				ALWAYS_EMBED_SWIFT_STANDARD_LIBRARIES = YES;
				BUNDLE_LOADER = "$(TEST_HOST)";
				CODE_SIGN_STYLE = Automatic;
				CURRENT_PROJECT_VERSION = 1;
				GENERATE_INFOPLIST_FILE = YES;
				IPHONEOS_DEPLOYMENT_TARGET = 15.2;
				MARKETING_VERSION = 1.0;
				PRODUCT_BUNDLE_IDENTIFIER = com.myapps.MVPTests;
				PRODUCT_NAME = "$(TARGET_NAME)";
				SWIFT_EMIT_LOC_STRINGS = NO;
				SWIFT_VERSION = 5.0;
				TARGETED_DEVICE_FAMILY = "1,2";
				TEST_HOST = "$(BUILT_PRODUCTS_DIR)/MVP.app/MVP";
			};
			name = Debug;
		};
		10E5225527A2C3E700DACC4A /* Release */ = {
			isa = XCBuildConfiguration;
			buildSettings = {
				ALWAYS_EMBED_SWIFT_STANDARD_LIBRARIES = YES;
				BUNDLE_LOADER = "$(TEST_HOST)";
				CODE_SIGN_STYLE = Automatic;
				CURRENT_PROJECT_VERSION = 1;
				GENERATE_INFOPLIST_FILE = YES;
				IPHONEOS_DEPLOYMENT_TARGET = 15.2;
				MARKETING_VERSION = 1.0;
				PRODUCT_BUNDLE_IDENTIFIER = com.myapps.MVPTests;
				PRODUCT_NAME = "$(TARGET_NAME)";
				SWIFT_EMIT_LOC_STRINGS = NO;
				SWIFT_VERSION = 5.0;
				TARGETED_DEVICE_FAMILY = "1,2";
				TEST_HOST = "$(BUILT_PRODUCTS_DIR)/MVP.app/MVP";
			};
			name = Release;
		};
/* End XCBuildConfiguration section */

/* Begin XCConfigurationList section */
		10E5222127A2C3E600DACC4A /* Build configuration list for PBXProject "MVP" */ = {
			isa = XCConfigurationList;
			buildConfigurations = (
				10E5224E27A2C3E700DACC4A /* Debug */,
				10E5224F27A2C3E700DACC4A /* Release */,
			);
			defaultConfigurationIsVisible = 0;
			defaultConfigurationName = Release;
		};
		10E5225027A2C3E700DACC4A /* Build configuration list for PBXNativeTarget "MVP" */ = {
			isa = XCConfigurationList;
			buildConfigurations = (
				10E5225127A2C3E700DACC4A /* Debug */,
				10E5225227A2C3E700DACC4A /* Release */,
			);
			defaultConfigurationIsVisible = 0;
			defaultConfigurationName = Release;
		};
		10E5225327A2C3E700DACC4A /* Build configuration list for PBXNativeTarget "MVPTests" */ = {
			isa = XCConfigurationList;
			buildConfigurations = (
				10E5225427A2C3E700DACC4A /* Debug */,
				10E5225527A2C3E700DACC4A /* Release */,
			);
			defaultConfigurationIsVisible = 0;
			defaultConfigurationName = Release;
		};
/* End XCConfigurationList section */
	};
	rootObject = 10E5221E27A2C3E600DACC4A /* Project object */;
}
